// !$*UTF8*$!
{
	archiveVersion = 1;
	classes = {
	};
	objectVersion = 56;
	objects = {

/* Begin PBXBuildFile section */
		C7C6E0DC2A599E6C00BD2DAD /* AppDelegate.swift in Sources */ = {isa = PBXBuildFile; fileRef = C7C6E0DB2A599E6C00BD2DAD /* AppDelegate.swift */; };
		C7C6E0DE2A599E6C00BD2DAD /* SceneDelegate.swift in Sources */ = {isa = PBXBuildFile; fileRef = C7C6E0DD2A599E6C00BD2DAD /* SceneDelegate.swift */; };
		C7C6E0E02A599E6C00BD2DAD /* ViewController.swift in Sources */ = {isa = PBXBuildFile; fileRef = C7C6E0DF2A599E6C00BD2DAD /* ViewController.swift */; };
		C7C6E0E32A599E6C00BD2DAD /* Main.storyboard in Resources */ = {isa = PBXBuildFile; fileRef = C7C6E0E12A599E6C00BD2DAD /* Main.storyboard */; };
		C7C6E0E52A599E6E00BD2DAD /* Assets.xcassets in Resources */ = {isa = PBXBuildFile; fileRef = C7C6E0E42A599E6E00BD2DAD /* Assets.xcassets */; };
		C7C6E0E82A599E6E00BD2DAD /* LaunchScreen.storyboard in Resources */ = {isa = PBXBuildFile; fileRef = C7C6E0E62A599E6E00BD2DAD /* LaunchScreen.storyboard */; };
		C7C6E0F02A59A21C00BD2DAD /* EmojiTableViewController.swift in Sources */ = {isa = PBXBuildFile; fileRef = C7C6E0EF2A59A21C00BD2DAD /* EmojiTableViewController.swift */; };
		C7C6E0F22A59AD2E00BD2DAD /* EmojiTableViewCell.swift in Sources */ = {isa = PBXBuildFile; fileRef = C7C6E0F12A59AD2E00BD2DAD /* EmojiTableViewCell.swift */; };
		C7C6E0F42A59B45B00BD2DAD /* EmojiModel.swift in Sources */ = {isa = PBXBuildFile; fileRef = C7C6E0F32A59B45B00BD2DAD /* EmojiModel.swift */; };
/* End PBXBuildFile section */

/* Begin PBXFileReference section */
		C7C6E0D82A599E6C00BD2DAD /* emojiReader.app */ = {isa = PBXFileReference; explicitFileType = wrapper.application; includeInIndex = 0; path = emojiReader.app; sourceTree = BUILT_PRODUCTS_DIR; };
		C7C6E0DB2A599E6C00BD2DAD /* AppDelegate.swift */ = {isa = PBXFileReference; lastKnownFileType = sourcecode.swift; path = AppDelegate.swift; sourceTree = "<group>"; };
		C7C6E0DD2A599E6C00BD2DAD /* SceneDelegate.swift */ = {isa = PBXFileReference; lastKnownFileType = sourcecode.swift; path = SceneDelegate.swift; sourceTree = "<group>"; };
		C7C6E0DF2A599E6C00BD2DAD /* ViewController.swift */ = {isa = PBXFileReference; lastKnownFileType = sourcecode.swift; path = ViewController.swift; sourceTree = "<group>"; };
		C7C6E0E22A599E6C00BD2DAD /* Base */ = {isa = PBXFileReference; lastKnownFileType = file.storyboard; name = Base; path = Base.lproj/Main.storyboard; sourceTree = "<group>"; };
		C7C6E0E42A599E6E00BD2DAD /* Assets.xcassets */ = {isa = PBXFileReference; lastKnownFileType = folder.assetcatalog; path = Assets.xcassets; sourceTree = "<group>"; };
		C7C6E0E72A599E6E00BD2DAD /* Base */ = {isa = PBXFileReference; lastKnownFileType = file.storyboard; name = Base; path = Base.lproj/LaunchScreen.storyboard; sourceTree = "<group>"; };
		C7C6E0E92A599E6E00BD2DAD /* Info.plist */ = {isa = PBXFileReference; lastKnownFileType = text.plist.xml; path = Info.plist; sourceTree = "<group>"; };
		C7C6E0EF2A59A21C00BD2DAD /* EmojiTableViewController.swift */ = {isa = PBXFileReference; lastKnownFileType = sourcecode.swift; path = EmojiTableViewController.swift; sourceTree = "<group>"; };
		C7C6E0F12A59AD2E00BD2DAD /* EmojiTableViewCell.swift */ = {isa = PBXFileReference; lastKnownFileType = sourcecode.swift; path = EmojiTableViewCell.swift; sourceTree = "<group>"; };
		C7C6E0F32A59B45B00BD2DAD /* EmojiModel.swift */ = {isa = PBXFileReference; lastKnownFileType = sourcecode.swift; path = EmojiModel.swift; sourceTree = "<group>"; };
/* End PBXFileReference section */

/* Begin PBXFrameworksBuildPhase section */
		C7C6E0D52A599E6C00BD2DAD /* Frameworks */ = {
			isa = PBXFrameworksBuildPhase;
			buildActionMask = 2147483647;
			files = (
			);
			runOnlyForDeploymentPostprocessing = 0;
		};
/* End PBXFrameworksBuildPhase section */

/* Begin PBXGroup section */
		C7C6E0CF2A599E6C00BD2DAD = {
			isa = PBXGroup;
			children = (
				C7C6E0DA2A599E6C00BD2DAD /* emojiReader */,
				C7C6E0D92A599E6C00BD2DAD /* Products */,
			);
			sourceTree = "<group>";
		};
		C7C6E0D92A599E6C00BD2DAD /* Products */ = {
			isa = PBXGroup;
			children = (
				C7C6E0D82A599E6C00BD2DAD /* emojiReader.app */,
			);
			name = Products;
			sourceTree = "<group>";
		};
		C7C6E0DA2A599E6C00BD2DAD /* emojiReader */ = {
			isa = PBXGroup;
			children = (
				C7C6E0DB2A599E6C00BD2DAD /* AppDelegate.swift */,
				C7C6E0DD2A599E6C00BD2DAD /* SceneDelegate.swift */,
				C7C6E0DF2A599E6C00BD2DAD /* ViewController.swift */,
				C7C6E0EF2A59A21C00BD2DAD /* EmojiTableViewController.swift */,
				C7C6E0F12A59AD2E00BD2DAD /* EmojiTableViewCell.swift */,
				C7C6E0F32A59B45B00BD2DAD /* EmojiModel.swift */,
				C7C6E0E12A599E6C00BD2DAD /* Main.storyboard */,
				C7C6E0E42A599E6E00BD2DAD /* Assets.xcassets */,
				C7C6E0E62A599E6E00BD2DAD /* LaunchScreen.storyboard */,
				C7C6E0E92A599E6E00BD2DAD /* Info.plist */,
			);
			path = emojiReader;
			sourceTree = "<group>";
		};
/* End PBXGroup section */

/* Begin PBXNativeTarget section */
		C7C6E0D72A599E6C00BD2DAD /* emojiReader */ = {
			isa = PBXNativeTarget;
			buildConfigurationList = C7C6E0EC2A599E6E00BD2DAD /* Build configuration list for PBXNativeTarget "emojiReader" */;
			buildPhases = (
				C7C6E0D42A599E6C00BD2DAD /* Sources */,
				C7C6E0D52A599E6C00BD2DAD /* Frameworks */,
				C7C6E0D62A599E6C00BD2DAD /* Resources */,
			);
			buildRules = (
			);
			dependencies = (
			);
			name = emojiReader;
			productName = emojiReader;
			productReference = C7C6E0D82A599E6C00BD2DAD /* emojiReader.app */;
			productType = "com.apple.product-type.application";
		};
/* End PBXNativeTarget section */

/* Begin PBXProject section */
		C7C6E0D02A599E6C00BD2DAD /* Project object */ = {
			isa = PBXProject;
			attributes = {
				BuildIndependentTargetsInParallel = 1;
				LastSwiftUpdateCheck = 1430;
				LastUpgradeCheck = 1430;
				TargetAttributes = {
					C7C6E0D72A599E6C00BD2DAD = {
						CreatedOnToolsVersion = 14.3.1;
					};
				};
			};
			buildConfigurationList = C7C6E0D32A599E6C00BD2DAD /* Build configuration list for PBXProject "emojiReader" */;
			compatibilityVersion = "Xcode 14.0";
			developmentRegion = en;
			hasScannedForEncodings = 0;
			knownRegions = (
				en,
				Base,
			);
			mainGroup = C7C6E0CF2A599E6C00BD2DAD;
			productRefGroup = C7C6E0D92A599E6C00BD2DAD /* Products */;
			projectDirPath = "";
			projectRoot = "";
			targets = (
				C7C6E0D72A599E6C00BD2DAD /* emojiReader */,
			);
		};
/* End PBXProject section */

/* Begin PBXResourcesBuildPhase section */
		C7C6E0D62A599E6C00BD2DAD /* Resources */ = {
			isa = PBXResourcesBuildPhase;
			buildActionMask = 2147483647;
			files = (
				C7C6E0E82A599E6E00BD2DAD /* LaunchScreen.storyboard in Resources */,
				C7C6E0E52A599E6E00BD2DAD /* Assets.xcassets in Resources */,
				C7C6E0E32A599E6C00BD2DAD /* Main.storyboard in Resources */,
			);
			runOnlyForDeploymentPostprocessing = 0;
		};
/* End PBXResourcesBuildPhase section */

/* Begin PBXSourcesBuildPhase section */
		C7C6E0D42A599E6C00BD2DAD /* Sources */ = {
			isa = PBXSourcesBuildPhase;
			buildActionMask = 2147483647;
			files = (
				C7C6E0F02A59A21C00BD2DAD /* EmojiTableViewController.swift in Sources */,
				C7C6E0E02A599E6C00BD2DAD /* ViewController.swift in Sources */,
				C7C6E0F42A59B45B00BD2DAD /* EmojiModel.swift in Sources */,
				C7C6E0F22A59AD2E00BD2DAD /* EmojiTableViewCell.swift in Sources */,
				C7C6E0DC2A599E6C00BD2DAD /* AppDelegate.swift in Sources */,
				C7C6E0DE2A599E6C00BD2DAD /* SceneDelegate.swift in Sources */,
			);
			runOnlyForDeploymentPostprocessing = 0;
		};
/* End PBXSourcesBuildPhase section */

/* Begin PBXVariantGroup section */
		C7C6E0E12A599E6C00BD2DAD /* Main.storyboard */ = {
			isa = PBXVariantGroup;
			children = (
				C7C6E0E22A599E6C00BD2DAD /* Base */,
			);
			name = Main.storyboard;
			sourceTree = "<group>";
		};
		C7C6E0E62A599E6E00BD2DAD /* LaunchScreen.storyboard */ = {
			isa = PBXVariantGroup;
			children = (
				C7C6E0E72A599E6E00BD2DAD /* Base */,
			);
			name = LaunchScreen.storyboard;
			sourceTree = "<group>";
		};
/* End PBXVariantGroup section */

/* Begin XCBuildConfiguration section */
		C7C6E0EA2A599E6E00BD2DAD /* Debug */ = {
			isa = XCBuildConfiguration;
			buildSettings = {
				ALWAYS_SEARCH_USER_PATHS = NO;
				CLANG_ANALYZER_NONNULL = YES;
				CLANG_ANALYZER_NUMBER_OBJECT_CONVERSION = YES_AGGRESSIVE;
				CLANG_CXX_LANGUAGE_STANDARD = "gnu++20";
				CLANG_ENABLE_MODULES = YES;
				CLANG_ENABLE_OBJC_ARC = YES;
				CLANG_ENABLE_OBJC_WEAK = YES;
				CLANG_WARN_BLOCK_CAPTURE_AUTORELEASING = YES;
				CLANG_WARN_BOOL_CONVERSION = YES;
				CLANG_WARN_COMMA = YES;
				CLANG_WARN_CONSTANT_CONVERSION = YES;
				CLANG_WARN_DEPRECATED_OBJC_IMPLEMENTATIONS = YES;
				CLANG_WARN_DIRECT_OBJC_ISA_USAGE = YES_ERROR;
				CLANG_WARN_DOCUMENTATION_COMMENTS = YES;
				CLANG_WARN_EMPTY_BODY = YES;
				CLANG_WARN_ENUM_CONVERSION = YES;
				CLANG_WARN_INFINITE_RECURSION = YES;
				CLANG_WARN_INT_CONVERSION = YES;
				CLANG_WARN_NON_LITERAL_NULL_CONVERSION = YES;
				CLANG_WARN_OBJC_IMPLICIT_RETAIN_SELF = YES;
				CLANG_WARN_OBJC_LITERAL_CONVERSION = YES;
				CLANG_WARN_OBJC_ROOT_CLASS = YES_ERROR;
				CLANG_WARN_QUOTED_INCLUDE_IN_FRAMEWORK_HEADER = YES;
				CLANG_WARN_RANGE_LOOP_ANALYSIS = YES;
				CLANG_WARN_STRICT_PROTOTYPES = YES;
				CLANG_WARN_SUSPICIOUS_MOVE = YES;
				CLANG_WARN_UNGUARDED_AVAILABILITY = YES_AGGRESSIVE;
				CLANG_WARN_UNREACHABLE_CODE = YES;
				CLANG_WARN__DUPLICATE_METHOD_MATCH = YES;
				COPY_PHASE_STRIP = NO;
				DEBUG_INFORMATION_FORMAT = dwarf;
				ENABLE_STRICT_OBJC_MSGSEND = YES;
				ENABLE_TESTABILITY = YES;
				GCC_C_LANGUAGE_STANDARD = gnu11;
				GCC_DYNAMIC_NO_PIC = NO;
				GCC_NO_COMMON_BLOCKS = YES;
				GCC_OPTIMIZATION_LEVEL = 0;
				GCC_PREPROCESSOR_DEFINITIONS = (
					"DEBUG=1",
					"$(inherited)",
				);
				GCC_WARN_64_TO_32_BIT_CONVERSION = YES;
				GCC_WARN_ABOUT_RETURN_TYPE = YES_ERROR;
				GCC_WARN_UNDECLARED_SELECTOR = YES;
				GCC_WARN_UNINITIALIZED_AUTOS = YES_AGGRESSIVE;
				GCC_WARN_UNUSED_FUNCTION = YES;
				GCC_WARN_UNUSED_VARIABLE = YES;
				IPHONEOS_DEPLOYMENT_TARGET = 16.4;
				MTL_ENABLE_DEBUG_INFO = INCLUDE_SOURCE;
				MTL_FAST_MATH = YES;
				ONLY_ACTIVE_ARCH = YES;
				SDKROOT = iphoneos;
				SWIFT_ACTIVE_COMPILATION_CONDITIONS = DEBUG;
				SWIFT_OPTIMIZATION_LEVEL = "-Onone";
			};
			name = Debug;
		};
		C7C6E0EB2A599E6E00BD2DAD /* Release */ = {
			isa = XCBuildConfiguration;
			buildSettings = {
				ALWAYS_SEARCH_USER_PATHS = NO;
				CLANG_ANALYZER_NONNULL = YES;
				CLANG_ANALYZER_NUMBER_OBJECT_CONVERSION = YES_AGGRESSIVE;
				CLANG_CXX_LANGUAGE_STANDARD = "gnu++20";
				CLANG_ENABLE_MODULES = YES;
				CLANG_ENABLE_OBJC_ARC = YES;
				CLANG_ENABLE_OBJC_WEAK = YES;
				CLANG_WARN_BLOCK_CAPTURE_AUTORELEASING = YES;
				CLANG_WARN_BOOL_CONVERSION = YES;
				CLANG_WARN_COMMA = YES;
				CLANG_WARN_CONSTANT_CONVERSION = YES;
				CLANG_WARN_DEPRECATED_OBJC_IMPLEMENTATIONS = YES;
				CLANG_WARN_DIRECT_OBJC_ISA_USAGE = YES_ERROR;
				CLANG_WARN_DOCUMENTATION_COMMENTS = YES;
				CLANG_WARN_EMPTY_BODY = YES;
				CLANG_WARN_ENUM_CONVERSION = YES;
				CLANG_WARN_INFINITE_RECURSION = YES;
				CLANG_WARN_INT_CONVERSION = YES;
				CLANG_WARN_NON_LITERAL_NULL_CONVERSION = YES;
				CLANG_WARN_OBJC_IMPLICIT_RETAIN_SELF = YES;
				CLANG_WARN_OBJC_LITERAL_CONVERSION = YES;
				CLANG_WARN_OBJC_ROOT_CLASS = YES_ERROR;
				CLANG_WARN_QUOTED_INCLUDE_IN_FRAMEWORK_HEADER = YES;
				CLANG_WARN_RANGE_LOOP_ANALYSIS = YES;
				CLANG_WARN_STRICT_PROTOTYPES = YES;
				CLANG_WARN_SUSPICIOUS_MOVE = YES;
				CLANG_WARN_UNGUARDED_AVAILABILITY = YES_AGGRESSIVE;
				CLANG_WARN_UNREACHABLE_CODE = YES;
				CLANG_WARN__DUPLICATE_METHOD_MATCH = YES;
				COPY_PHASE_STRIP = NO;
				DEBUG_INFORMATION_FORMAT = "dwarf-with-dsym";
				ENABLE_NS_ASSERTIONS = NO;
				ENABLE_STRICT_OBJC_MSGSEND = YES;
				GCC_C_LANGUAGE_STANDARD = gnu11;
				GCC_NO_COMMON_BLOCKS = YES;
				GCC_WARN_64_TO_32_BIT_CONVERSION = YES;
				GCC_WARN_ABOUT_RETURN_TYPE = YES_ERROR;
				GCC_WARN_UNDECLARED_SELECTOR = YES;
				GCC_WARN_UNINITIALIZED_AUTOS = YES_AGGRESSIVE;
				GCC_WARN_UNUSED_FUNCTION = YES;
				GCC_WARN_UNUSED_VARIABLE = YES;
				IPHONEOS_DEPLOYMENT_TARGET = 16.4;
				MTL_ENABLE_DEBUG_INFO = NO;
				MTL_FAST_MATH = YES;
				SDKROOT = iphoneos;
				SWIFT_COMPILATION_MODE = wholemodule;
				SWIFT_OPTIMIZATION_LEVEL = "-O";
				VALIDATE_PRODUCT = YES;
			};
			name = Release;
		};
		C7C6E0ED2A599E6E00BD2DAD /* Debug */ = {
			isa = XCBuildConfiguration;
			buildSettings = {
				ASSETCATALOG_COMPILER_APPICON_NAME = AppIcon;
				ASSETCATALOG_COMPILER_GLOBAL_ACCENT_COLOR_NAME = AccentColor;
				CODE_SIGN_STYLE = Automatic;
				CURRENT_PROJECT_VERSION = 1;
				DEVELOPMENT_TEAM = U5U8485L4C;
				GENERATE_INFOPLIST_FILE = YES;
				INFOPLIST_FILE = emojiReader/Info.plist;
				INFOPLIST_KEY_UIApplicationSupportsIndirectInputEvents = YES;
				INFOPLIST_KEY_UILaunchStoryboardName = LaunchScreen;
				INFOPLIST_KEY_UIMainStoryboardFile = Main;
				INFOPLIST_KEY_UISupportedInterfaceOrientations_iPad = "UIInterfaceOrientationPortrait UIInterfaceOrientationPortraitUpsideDown UIInterfaceOrientationLandscapeLeft UIInterfaceOrientationLandscapeRight";
				INFOPLIST_KEY_UISupportedInterfaceOrientations_iPhone = "UIInterfaceOrientationPortrait UIInterfaceOrientationLandscapeLeft UIInterfaceOrientationLandscapeRight";
				LD_RUNPATH_SEARCH_PATHS = (
					"$(inherited)",
					"@executable_path/Frameworks",
				);
				MARKETING_VERSION = 1.0;
				PRODUCT_BUNDLE_IDENTIFIER = "Ilya-Pavlov.emojiReader";
				PRODUCT_NAME = "$(TARGET_NAME)";
				SUPPORTED_PLATFORMS = "iphoneos iphonesimulator";
				SUPPORTS_MACCATALYST = NO;
				SUPPORTS_MAC_DESIGNED_FOR_IPHONE_IPAD = NO;
				SWIFT_EMIT_LOC_STRINGS = YES;
				SWIFT_VERSION = 5.0;
				TARGETED_DEVICE_FAMILY = "1,2";
			};
			name = Debug;
		};
		C7C6E0EE2A599E6E00BD2DAD /* Release */ = {
			isa = XCBuildConfiguration;
			buildSettings = {
				ASSETCATALOG_COMPILER_APPICON_NAME = AppIcon;
				ASSETCATALOG_COMPILER_GLOBAL_ACCENT_COLOR_NAME = AccentColor;
				CODE_SIGN_STYLE = Automatic;
				CURRENT_PROJECT_VERSION = 1;
				DEVELOPMENT_TEAM = U5U8485L4C;
				GENERATE_INFOPLIST_FILE = YES;
				INFOPLIST_FILE = emojiReader/Info.plist;
				INFOPLIST_KEY_UIApplicationSupportsIndirectInputEvents = YES;
				INFOPLIST_KEY_UILaunchStoryboardName = LaunchScreen;
				INFOPLIST_KEY_UIMainStoryboardFile = Main;
				INFOPLIST_KEY_UISupportedInterfaceOrientations_iPad = "UIInterfaceOrientationPortrait UIInterfaceOrientationPortraitUpsideDown UIInterfaceOrientationLandscapeLeft UIInterfaceOrientationLandscapeRight";
				INFOPLIST_KEY_UISupportedInterfaceOrientations_iPhone = "UIInterfaceOrientationPortrait UIInterfaceOrientationLandscapeLeft UIInterfaceOrientationLandscapeRight";
				LD_RUNPATH_SEARCH_PATHS = (
					"$(inherited)",
					"@executable_path/Frameworks",
				);
				MARKETING_VERSION = 1.0;
				PRODUCT_BUNDLE_IDENTIFIER = "Ilya-Pavlov.emojiReader";
				PRODUCT_NAME = "$(TARGET_NAME)";
				SUPPORTED_PLATFORMS = "iphoneos iphonesimulator";
				SUPPORTS_MACCATALYST = NO;
				SUPPORTS_MAC_DESIGNED_FOR_IPHONE_IPAD = NO;
				SWIFT_EMIT_LOC_STRINGS = YES;
				SWIFT_VERSION = 5.0;
				TARGETED_DEVICE_FAMILY = "1,2";
			};
			name = Release;
		};
/* End XCBuildConfiguration section */

/* Begin XCConfigurationList section */
		C7C6E0D32A599E6C00BD2DAD /* Build configuration list for PBXProject "emojiReader" */ = {
			isa = XCConfigurationList;
			buildConfigurations = (
				C7C6E0EA2A599E6E00BD2DAD /* Debug */,
				C7C6E0EB2A599E6E00BD2DAD /* Release */,
			);
			defaultConfigurationIsVisible = 0;
			defaultConfigurationName = Release;
		};
		C7C6E0EC2A599E6E00BD2DAD /* Build configuration list for PBXNativeTarget "emojiReader" */ = {
			isa = XCConfigurationList;
			buildConfigurations = (
				C7C6E0ED2A599E6E00BD2DAD /* Debug */,
				C7C6E0EE2A599E6E00BD2DAD /* Release */,
			);
			defaultConfigurationIsVisible = 0;
			defaultConfigurationName = Release;
		};
/* End XCConfigurationList section */
	};
	rootObject = C7C6E0D02A599E6C00BD2DAD /* Project object */;
}
